Microsoft Visual Studio Solution File, Format Version 12.00
# Visual Studio Version 17
VisualStudioVersion = 17.5.2.0
MinimumVisualStudioVersion = 10.0.40219.1
Project("{FAE04EC0-301F-11D3-BF4B-00C04F79EFBC}") = "SalonDKaiza", "SalonDKaiza.csproj", "{42B1F5ED-373C-3366-774E-7DBD49DD0FB6}"
EndProject
Global
	GlobalSection(SolutionConfigurationPlatforms) = preSolution
		Debug|Any CPU = Debug|Any CPU
		Release|Any CPU = Release|Any CPU
	EndGlobalSection
	GlobalSection(ProjectConfigurationPlatforms) = postSolution
		{42B1F5ED-373C-3366-774E-7DBD49DD0FB6}.Debug|Any CPU.ActiveCfg = Debug|Any CPU
		{42B1F5ED-373C-3366-774E-7DBD49DD0FB6}.Debug|Any CPU.Build.0 = Debug|Any CPU
		{42B1F5ED-373C-3366-774E-7DBD49DD0FB6}.Release|Any CPU.ActiveCfg = Release|Any CPU
		{42B1F5ED-373C-3366-774E-7DBD49DD0FB6}.Release|Any CPU.Build.0 = Release|Any CPU
	EndGlobalSection
	GlobalSection(SolutionProperties) = preSolution
		HideSolutionNode = FALSE
	EndGlobalSection
	GlobalSection(ExtensibilityGlobals) = postSolution
		SolutionGuid = {55C5A839-3374-40E7-B616-0335424B8669}
	EndGlobalSection
EndGlobal
